
Microsoft Visual Studio Solution File, Format Version 12.00
# Visual Studio Version 17
VisualStudioVersion = 17.3.32901.215
MinimumVisualStudioVersion = 10.0.40219.1
Project("{FAE04EC0-301F-11D3-BF4B-00C04F79EFBC}") = "Struct_Pointer", "Struct_Pointer\Struct_Pointer.csproj", "{2A8E93B6-695B-48A1-8E32-5DF8E027A58A}"
EndProject
Global
	GlobalSection(SolutionConfigurationPlatforms) = preSolution
		Debug|Any CPU = Debug|Any CPU
		Release|Any CPU = Release|Any CPU
	EndGlobalSection
	GlobalSection(ProjectConfigurationPlatforms) = postSolution
		{2A8E93B6-695B-48A1-8E32-5DF8E027A58A}.Debug|Any CPU.ActiveCfg = Debug|Any CPU
		{2A8E93B6-695B-48A1-8E32-5DF8E027A58A}.Debug|Any CPU.Build.0 = Debug|Any CPU
		{2A8E93B6-695B-48A1-8E32-5DF8E027A58A}.Release|Any CPU.ActiveCfg = Release|Any CPU
		{2A8E93B6-695B-48A1-8E32-5DF8E027A58A}.Release|Any CPU.Build.0 = Release|Any CPU
	EndGlobalSection
	GlobalSection(SolutionProperties) = preSolution
		HideSolutionNode = FALSE
	EndGlobalSection
	GlobalSection(ExtensibilityGlobals) = postSolution
		SolutionGuid = {AADA37CF-9449-4765-8A1E-24E075ED5739}
	EndGlobalSection
EndGlobal
