
Microsoft Visual Studio Solution File, Format Version 12.00
# Visual Studio Version 17
VisualStudioVersion = 17.3.32901.215
MinimumVisualStudioVersion = 10.0.40219.1
Project("{FAE04EC0-301F-11D3-BF4B-00C04F79EFBC}") = "struct_pgm", "struct_pgm\struct_pgm.csproj", "{7C077DE1-B1EE-4392-AB2B-19B6A82BF521}"
EndProject
Global
	GlobalSection(SolutionConfigurationPlatforms) = preSolution
		Debug|Any CPU = Debug|Any CPU
		Release|Any CPU = Release|Any CPU
	EndGlobalSection
	GlobalSection(ProjectConfigurationPlatforms) = postSolution
		{7C077DE1-B1EE-4392-AB2B-19B6A82BF521}.Debug|Any CPU.ActiveCfg = Debug|Any CPU
		{7C077DE1-B1EE-4392-AB2B-19B6A82BF521}.Debug|Any CPU.Build.0 = Debug|Any CPU
		{7C077DE1-B1EE-4392-AB2B-19B6A82BF521}.Release|Any CPU.ActiveCfg = Release|Any CPU
		{7C077DE1-B1EE-4392-AB2B-19B6A82BF521}.Release|Any CPU.Build.0 = Release|Any CPU
	EndGlobalSection
	GlobalSection(SolutionProperties) = preSolution
		HideSolutionNode = FALSE
	EndGlobalSection
	GlobalSection(ExtensibilityGlobals) = postSolution
		SolutionGuid = {FEB4A56B-D2B6-42BC-B539-8FFC1D6AC837}
	EndGlobalSection
EndGlobal
