
Microsoft Visual Studio Solution File, Format Version 12.00
# Visual Studio Version 17
VisualStudioVersion = 17.3.32901.215
MinimumVisualStudioVersion = 10.0.40219.1
Project("{FAE04EC0-301F-11D3-BF4B-00C04F79EFBC}") = "Asyn_Pgm", "Asyn_Pgm\Asyn_Pgm.csproj", "{15DBC52F-2B23-4AEF-B0C9-B0933C5A6489}"
EndProject
Global
	GlobalSection(SolutionConfigurationPlatforms) = preSolution
		Debug|Any CPU = Debug|Any CPU
		Release|Any CPU = Release|Any CPU
	EndGlobalSection
	GlobalSection(ProjectConfigurationPlatforms) = postSolution
		{15DBC52F-2B23-4AEF-B0C9-B0933C5A6489}.Debug|Any CPU.ActiveCfg = Debug|Any CPU
		{15DBC52F-2B23-4AEF-B0C9-B0933C5A6489}.Debug|Any CPU.Build.0 = Debug|Any CPU
		{15DBC52F-2B23-4AEF-B0C9-B0933C5A6489}.Release|Any CPU.ActiveCfg = Release|Any CPU
		{15DBC52F-2B23-4AEF-B0C9-B0933C5A6489}.Release|Any CPU.Build.0 = Release|Any CPU
	EndGlobalSection
	GlobalSection(SolutionProperties) = preSolution
		HideSolutionNode = FALSE
	EndGlobalSection
	GlobalSection(ExtensibilityGlobals) = postSolution
		SolutionGuid = {066EEA82-E26B-411C-935C-0593BD4C78F3}
	EndGlobalSection
EndGlobal
